{
  "nodes": {
    "LuaSnip": {
      "flake": false,
      "locked": {
        "lastModified": 1628006140,
        "narHash": "sha256-wtjZEJlQ6xhbitkRVG8u5Tu7Y6ZS707X7URdWiF8YkA=",
        "owner": "L3MON4D3",
        "repo": "LuaSnip",
        "rev": "511f733cf2c6247f7a1b62b90e4bf0dfdae17a9f",
        "type": "github"
      },
      "original": {
        "owner": "L3MON4D3",
        "repo": "LuaSnip",
        "type": "github"
      }
    },
    "barbar-nvim": {
      "flake": false,
      "locked": {
        "lastModified": 1627966738,
        "narHash": "sha256-OuIGSnH4i/m22xF/moMPcnx4Zxj2RpUWW8w//P1DLbM=",
        "owner": "romgrk",
        "repo": "barbar.nvim",
        "rev": "f677f1d93be06c41eaabc87d845cdd5bd46a259f",
        "type": "github"
      },
      "original": {
        "owner": "romgrk",
        "repo": "barbar.nvim",
        "type": "github"
      }
    },
    "blamer-nvim": {
      "flake": false,
      "locked": {
        "lastModified": 1624947650,
        "narHash": "sha256-e5j0unGot1kFYn59JsmOYEHkNMStVKAPZ5qTN1IX/QQ=",
        "owner": "APZelos",
        "repo": "blamer.nvim",
        "rev": "12f8eea7586a91ea1994501722d2e1575d9c6b63",
        "type": "github"
      },
      "original": {
        "owner": "APZelos",
        "repo": "blamer.nvim",
        "type": "github"
      }
    },
    "calvera-dark-nvim": {
      "flake": false,
      "locked": {
        "lastModified": 1626613200,
        "narHash": "sha256-9UlTk7UE1x2InpF12NMCQ5egaw1pFxzv14mYjxYDQXM=",
        "owner": "yashguptaz",
        "repo": "calvera-dark.nvim",
        "rev": "0fb036e7f53f5d4e12d4504abb2d337185cc728e",
        "type": "github"
      },
      "original": {
        "owner": "yashguptaz",
        "repo": "calvera-dark.nvim",
        "type": "github"
      }
    },
    "completion-nvim": {
      "flake": false,
      "locked": {
        "lastModified": 1627911533,
        "narHash": "sha256-QmBP/uplRO57k/DRudNZpmTaES3JfFMFuXrhSk5/gZg=",
        "owner": "nvim-lua",
        "repo": "completion-nvim",
        "rev": "139fb6cfbd9f7384a5489d3e4afdacb8ed977ab0",
        "type": "github"
      },
      "original": {
        "owner": "nvim-lua",
        "repo": "completion-nvim",
        "type": "github"
      }
    },
    "devshell": {
      "locked": {
        "lastModified": 1625086391,
        "narHash": "sha256-IpNPv1v8s4L3CoxhwcgZIitGpcrnNgnj09X7TA0QV3k=",
        "owner": "numtide",
        "repo": "devshell",
        "rev": "4b5ac7cf7d9a1cc60b965bb51b59922f2210cbc7",
        "type": "github"
      },
      "original": {
        "owner": "numtide",
        "repo": "devshell",
        "type": "github"
      }
    },
    "feline-nvim": {
      "flake": false,
      "locked": {
        "lastModified": 1627654208,
        "narHash": "sha256-V/gVdql9VP6JTKEZWdFWo8xwzJXPHHblXiP1B70E87I=",
        "owner": "famiu",
        "repo": "feline.nvim",
        "rev": "9977073d8f5c064785ff6b44aad30cbc6d887da0",
        "type": "github"
      },
      "original": {
        "owner": "famiu",
        "repo": "feline.nvim",
        "type": "github"
      }
    },
    "flake-utils": {
      "locked": {
        "lastModified": 1623875721,
        "narHash": "sha256-A8BU7bjS5GirpAUv4QA+QnJ4CceLHkcXdRp4xITDB0s=",
        "owner": "numtide",
        "repo": "flake-utils",
        "rev": "f7e004a55b120c02ecb6219596820fcd32ca8772",
        "type": "github"
      },
      "original": {
        "owner": "numtide",
        "repo": "flake-utils",
        "type": "github"
      }
    },
    "focus-vim": {
      "flake": false,
      "locked": {
        "lastModified": 1489833244,
        "narHash": "sha256-Xg6Qq9QLmWDKQfY1k9cft8XXgyy9PkywoTJUYecTizc=",
        "owner": "merlinrebrovic",
        "repo": "focus.vim",
        "rev": "7dd8f832e4e24d8b9f503af33287781fc57be404",
        "type": "github"
      },
      "original": {
        "owner": "merlinrebrovic",
        "repo": "focus.vim",
        "type": "github"
      }
    },
    "formatter-nvim": {
      "flake": false,
      "locked": {
        "lastModified": 1627437371,
        "narHash": "sha256-FGc6yVHhgQqjxXWkuznr2eXQLtu+DPDZNsqNxq7PU5Y=",
        "owner": "mhartington",
        "repo": "formatter.nvim",
        "rev": "51f10c8acc610d787cad2257224cee92b40216e5",
        "type": "github"
      },
      "original": {
        "owner": "mhartington",
        "repo": "formatter.nvim",
        "type": "github"
      }
    },
    "fzf-lsp-nvim": {
      "flake": false,
      "locked": {
        "lastModified": 1624184329,
        "narHash": "sha256-R/oLNFSpikimIEQ3i+d+k/LnuHVnw87cC9qI4/xpjIk=",
        "owner": "gfanto",
        "repo": "fzf-lsp.nvim",
        "rev": "6683718524adec3ce58c848706bcc7f3aa6a09a1",
        "type": "github"
      },
      "original": {
        "owner": "gfanto",
        "repo": "fzf-lsp.nvim",
        "type": "github"
      }
    },
    "galaxyline-nvim": {
      "flake": false,
      "locked": {
        "lastModified": 1619341455,
        "narHash": "sha256-q4YgDomTkVrNp/sAf61D97QYasbFG/sTwkGyhjWmII0=",
        "owner": "glepnir",
        "repo": "galaxyline.nvim",
        "rev": "d544cb9d0b56f6ef271db3b4c3cf19ef665940d5",
        "type": "github"
      },
      "original": {
        "owner": "glepnir",
        "ref": "main",
        "repo": "galaxyline.nvim",
        "type": "github"
      }
    },
    "gitsigns-nvim": {
      "flake": false,
      "locked": {
        "lastModified": 1628174011,
        "narHash": "sha256-DoXoA4cdgvs95W7nlRaXI2WEbkveExftvEXuZ6x7Zbc=",
        "owner": "lewis6991",
        "repo": "gitsigns.nvim",
        "rev": "27e1e95e1aa8d4ec0aabbf5148013f58a1bc4b40",
        "type": "github"
      },
      "original": {
        "owner": "lewis6991",
        "repo": "gitsigns.nvim",
        "type": "github"
      }
    },
    "goyo-vim": {
      "flake": false,
      "locked": {
        "lastModified": 1598665353,
        "narHash": "sha256-FRJ4E0iwE0XJncyLvYG6EQgmCWJcXLBrYYy3dD6ruCY=",
        "owner": "junegunn",
        "repo": "goyo.vim",
        "rev": "a865dec7ca7616dbbd69315ad1417b84d0c411f8",
        "type": "github"
      },
      "original": {
        "owner": "junegunn",
        "repo": "goyo.vim",
        "type": "github"
      }
    },
    "gruvbox": {
      "flake": false,
      "locked": {
        "lastModified": 1621265750,
        "narHash": "sha256-EP83AqHUHyD9SlAmKtET6/++RPx23s3zse68fzFp+zU=",
        "owner": "gruvbox-community",
        "repo": "gruvbox",
        "rev": "51ae4557e8941943d70da36320cc80a521e2d99e",
        "type": "github"
      },
      "original": {
        "owner": "gruvbox-community",
        "repo": "gruvbox",
        "type": "github"
      }
    },
    "indent-blankline-nvim": {
      "flake": false,
      "locked": {
        "lastModified": 1628135989,
        "narHash": "sha256-jGH7m8RJ3rDuF/qnv79rV16JezrDMCg25LFJUrdbbNg=",
        "owner": "lukas-reineke",
        "repo": "indent-blankline.nvim",
        "rev": "134a1ace3274e14cf3f2c9b845f6a62c58d2f2de",
        "type": "github"
      },
      "original": {
        "owner": "lukas-reineke",
        "repo": "indent-blankline.nvim",
        "type": "github"
      }
    },
    "lsp_signature-nvim": {
      "flake": false,
      "locked": {
        "lastModified": 1628143685,
        "narHash": "sha256-hAQYVr5H+KNbWGf1APM8klGchIjCyz8VTJC2V9fqUnA=",
        "owner": "ray-x",
        "repo": "lsp_signature.nvim",
        "rev": "04126aa17cbe863a4fe8ca43653cd9ef70f29c18",
        "type": "github"
      },
      "original": {
        "owner": "ray-x",
        "repo": "lsp_signature.nvim",
        "type": "github"
      }
    },
    "lspkind-nvim": {
      "flake": false,
      "locked": {
        "lastModified": 1627989515,
        "narHash": "sha256-+u291jnUUyqhCRTSQ9cjRkQQWrydNcXpIjMjWFT4gEQ=",
        "owner": "onsails",
        "repo": "lspkind-nvim",
        "rev": "7ffcfe88334d0887833c9d8ca6f1231a11612cb5",
        "type": "github"
      },
      "original": {
        "owner": "onsails",
        "repo": "lspkind-nvim",
        "type": "github"
      }
    },
    "naersk": {
      "inputs": {
        "nixpkgs": "nixpkgs_2"
      },
      "locked": {
        "lastModified": 1605267184,
        "narHash": "sha256-0FSNlq6nN0/W88fg5kTkgRhAOQ8pI+uSZqBG9w49pMM=",
        "owner": "nmattia",
        "repo": "naersk",
        "rev": "ce273fa593dcc94a629d0d869f07d96d2b337e37",
        "type": "github"
      },
      "original": {
        "owner": "nmattia",
        "repo": "naersk",
        "type": "github"
      }
    },
    "neogit": {
      "flake": false,
      "locked": {
        "lastModified": 1627997393,
        "narHash": "sha256-zHFUSoktD64f7n0DkbEY2gJonRNmtUeIY4Ck5lSZJic=",
        "owner": "TimUntersberger",
        "repo": "neogit",
        "rev": "3226b98318518bef47f55218041adfdf99c36e9a",
        "type": "github"
      },
      "original": {
        "owner": "TimUntersberger",
        "repo": "neogit",
        "type": "github"
      }
    },
    "neon": {
      "flake": false,
      "locked": {
        "lastModified": 1627614626,
        "narHash": "sha256-Y5uGMyH/fXLt3dF5vZAHsJNcBIG77VItFkVKSIAY79w=",
        "owner": "rafamadriz",
        "repo": "neon",
        "rev": "5c6d24504e2177a709ad16ae9e89ab5732327ad8",
        "type": "github"
      },
      "original": {
        "owner": "rafamadriz",
        "repo": "neon",
        "type": "github"
      }
    },
    "neorg": {
      "flake": false,
      "locked": {
        "lastModified": 1627828892,
        "narHash": "sha256-HcMuiG7RJnt6mkJIAviwnkq0fDt7GiYCKFFF9rXPeXQ=",
        "owner": "vhyrro",
        "repo": "neorg",
        "rev": "156bfdab640c6f57a6933e5e4fa60f9648f19857",
        "type": "github"
      },
      "original": {
        "owner": "vhyrro",
        "repo": "neorg",
        "type": "github"
      }
    },
    "neovim": {
      "inputs": {
        "flake-utils": [
          "flake-utils"
        ],
        "nixpkgs": [
          "nixpkgs"
        ]
      },
      "locked": {
        "dir": "contrib",
        "lastModified": 1628990638,
        "narHash": "sha256-Wd8Ye1wvdTOhuqyLuyWKzwH31M2ycNzSHSItAHm37pA=",
        "owner": "neovim",
        "repo": "neovim",
        "rev": "d805eb3e0550ddbbcb7a59120ad93cd1bfad12f7",
        "type": "github"
      },
      "original": {
        "dir": "contrib",
        "owner": "neovim",
        "repo": "neovim",
        "type": "github"
      }
    },
    "nixpkgs": {
      "locked": {
        "lastModified": 1628934079,
        "narHash": "sha256-CEYsKXNYprs/TvmB7ppkYMALXnfhEw6lg5VaEXgpoec=",
        "owner": "nixos",
        "repo": "nixpkgs",
        "rev": "fd9984fd9a950686e7271ecf01893987a42cdf14",
        "type": "github"
      },
      "original": {
        "owner": "nixos",
        "ref": "nixpkgs-unstable",
        "repo": "nixpkgs",
        "type": "github"
      }
    },
    "nixpkgs-jdtls": {
      "locked": {
        "lastModified": 1610965183,
        "narHash": "sha256-Zx8BERJyGHkQ3FSqzO3DCsygLDeNCgD29nUHoWU3Mcc=",
        "owner": "nixos",
        "repo": "nixpkgs",
        "rev": "35925104b195ff6bbab8f645c56ecc0af62f87fd",
        "type": "github"
      },
      "original": {
        "owner": "nixos",
        "repo": "nixpkgs",
        "rev": "35925104b195ff6bbab8f645c56ecc0af62f87fd",
        "type": "github"
      }
    },
    "nixpkgs_2": {
      "locked": {
        "lastModified": 1605988311,
        "narHash": "sha256-PA+kgq46NApOAJlmBNJHs5DwsIrY+jodM0e4g7VtXyY=",
        "owner": "NixOS",
        "repo": "nixpkgs",
        "rev": "2247d824fe07f16325596acc7faa286502faffd1",
        "type": "github"
      },
      "original": {
        "id": "nixpkgs",
        "type": "indirect"
      }
    },
    "nixpkgs_3": {
      "locked": {
        "lastModified": 1605988311,
        "narHash": "sha256-PA+kgq46NApOAJlmBNJHs5DwsIrY+jodM0e4g7VtXyY=",
        "owner": "NixOS",
        "repo": "nixpkgs",
        "rev": "2247d824fe07f16325596acc7faa286502faffd1",
        "type": "github"
      },
      "original": {
        "id": "nixpkgs",
        "type": "indirect"
      }
    },
    "nur": {
      "locked": {
        "lastModified": 1629000314,
        "narHash": "sha256-B49hdzZdcc7JyPj/1uk41USayCA87ysgoCjr6G0vBP4=",
        "owner": "nix-community",
        "repo": "NUR",
        "rev": "01cdea263b630ad081ac893ae0d2a9111390ea86",
        "type": "github"
      },
      "original": {
        "owner": "nix-community",
        "repo": "NUR",
        "type": "github"
      }
    },
    "nvcode-color-schemes-vim": {
      "flake": false,
      "locked": {
        "lastModified": 1625343871,
        "narHash": "sha256-67PqSHuo/mkPyxUiscQs+HOkjo9NS5YlAFMAN1SRLg4=",
        "owner": "ChristianChiarulli",
        "repo": "nvcode-color-schemes.vim",
        "rev": "3a0e624a67ecd2c7f990bc3c25a1044e85782b10",
        "type": "github"
      },
      "original": {
        "owner": "ChristianChiarulli",
        "repo": "nvcode-color-schemes.vim",
        "type": "github"
      }
    },
    "nvim-blame-line": {
      "flake": false,
      "locked": {
        "lastModified": 1627412395,
        "narHash": "sha256-jSK/Jo9bh/++DLOV9QhjwUxDtSBljSnY4gLPBfDJ2+o=",
        "owner": "tveskag",
        "repo": "nvim-blame-line",
        "rev": "198d131a3ae8033a98759f43d024b80821974113",
        "type": "github"
      },
      "original": {
        "owner": "tveskag",
        "repo": "nvim-blame-line",
        "type": "github"
      }
    },
    "nvim-bufferline-lua": {
      "flake": false,
      "locked": {
        "lastModified": 1628016575,
        "narHash": "sha256-jWPHyXijQDXn7uXeVPt12OjXXl96ISuRTIeP8r+X/5c=",
        "owner": "akinsho",
        "repo": "nvim-bufferline.lua",
        "rev": "3fb698aef5f48b660dacf8abd1bcdff6588dd2b8",
        "type": "github"
      },
      "original": {
        "owner": "akinsho",
        "repo": "nvim-bufferline.lua",
        "type": "github"
      }
    },
    "nvim-colorizer-lua": {
      "flake": false,
      "locked": {
        "lastModified": 1591879145,
        "narHash": "sha256-6YrnItxExL2C8pNIdLd+hXCjsB2MbZANwWkah6dreD8=",
        "owner": "norcalli",
        "repo": "nvim-colorizer.lua",
        "rev": "36c610a9717cc9ec426a07c8e6bf3b3abcb139d6",
        "type": "github"
      },
      "original": {
        "owner": "norcalli",
        "repo": "nvim-colorizer.lua",
        "type": "github"
      }
    },
    "nvim-compe": {
      "flake": false,
      "locked": {
        "lastModified": 1627024427,
        "narHash": "sha256-v8ssLDWKD5cIu77ij8IJ6mg3mF3reoJgHwqet1T5peQ=",
        "owner": "hrsh7th",
        "repo": "nvim-compe",
        "rev": "73529ce61611c9ee3821e18ecc929c422416c462",
        "type": "github"
      },
      "original": {
        "owner": "hrsh7th",
        "repo": "nvim-compe",
        "type": "github"
      }
    },
    "nvim-dap": {
      "flake": false,
      "locked": {
        "lastModified": 1627236992,
        "narHash": "sha256-0+b1Tt7ueO5KqhfJR/Pmeq/tl/NCchVrtxzAdn9AHh8=",
        "owner": "mfussenegger",
        "repo": "nvim-dap",
        "rev": "c8a5ec7ec32c1fe1697437ad83bd26ba3b997abd",
        "type": "github"
      },
      "original": {
        "owner": "mfussenegger",
        "repo": "nvim-dap",
        "type": "github"
      }
    },
    "nvim-dap-virtual-text": {
      "flake": false,
      "locked": {
        "lastModified": 1627210357,
        "narHash": "sha256-A1gEkro9cEDnPBAc7jshShkVXx4NBWIdEnU8RkR46J8=",
        "owner": "theHamsta",
        "repo": "nvim-dap-virtual-text",
        "rev": "ebd0a7850432e2c9b9651b8e4091e74e59604c77",
        "type": "github"
      },
      "original": {
        "owner": "theHamsta",
        "repo": "nvim-dap-virtual-text",
        "type": "github"
      }
    },
    "nvim-jdtls": {
      "flake": false,
      "locked": {
        "lastModified": 1627732459,
        "narHash": "sha256-rJLUOB9L35adVLQfuMHpBA7lh8qekz/9JblG2HIh5JI=",
        "owner": "mfussenegger",
        "repo": "nvim-jdtls",
        "rev": "a0c6b2756f5faabf997a27fdbb085b3931f5945b",
        "type": "github"
      },
      "original": {
        "owner": "mfussenegger",
        "repo": "nvim-jdtls",
        "type": "github"
      }
    },
    "nvim-lspconfig": {
      "flake": false,
      "locked": {
        "lastModified": 1628167136,
        "narHash": "sha256-Mf8s61WoUAoC7leQvzV71XuO5RcTySP/3uwTQpLhX0k=",
        "owner": "neovim",
        "repo": "nvim-lspconfig",
        "rev": "662159eeb112c076d90b2c3fe799f16a8165e4a6",
        "type": "github"
      },
      "original": {
        "owner": "neovim",
        "repo": "nvim-lspconfig",
        "type": "github"
      }
    },
    "nvim-scrollview": {
      "flake": false,
      "locked": {
        "lastModified": 1627791952,
        "narHash": "sha256-LDXl8DaTURdFCbkmbtLQkJUmLNqAIrUw/u2hqKWUK68=",
        "owner": "dstein64",
        "repo": "nvim-scrollview",
        "rev": "8cba9eee2ae26209a05fb5e511f123677d108c96",
        "type": "github"
      },
      "original": {
        "owner": "dstein64",
        "repo": "nvim-scrollview",
        "type": "github"
      }
    },
    "nvim-tree-lua": {
      "flake": false,
      "locked": {
        "lastModified": 1627931304,
        "narHash": "sha256-6dMPK/jK3umemaEI5wswbmefr+SkZT+ixHUE9mZaO7w=",
        "owner": "kyazdani42",
        "repo": "nvim-tree.lua",
        "rev": "7bed04718e146787c54784853817797258703f0a",
        "type": "github"
      },
      "original": {
        "owner": "kyazdani42",
        "repo": "nvim-tree.lua",
        "type": "github"
      }
    },
    "nvim-treesitter": {
      "flake": false,
      "locked": {
        "lastModified": 1628068079,
        "narHash": "sha256-AMDnYo2wEHSsUp2Ldw7L4vsECe433fX19Q1OjqNoL9Y=",
        "owner": "nvim-treesitter",
        "repo": "nvim-treesitter",
        "rev": "d5116feefd19f81a6b35be732732c98ce7e8352a",
        "type": "github"
      },
      "original": {
        "owner": "nvim-treesitter",
        "repo": "nvim-treesitter",
        "type": "github"
      }
    },
    "nvim-ts-autotag": {
      "flake": false,
      "locked": {
        "lastModified": 1628091479,
        "narHash": "sha256-NJHxsL7oF7ZRKOlFMpEdcWoBH+/21Pk0uy5ljmlHe4c=",
        "owner": "windwp",
        "repo": "nvim-ts-autotag",
        "rev": "99ba1f6d80842a4d82ff49fc0aa094fb9d199219",
        "type": "github"
      },
      "original": {
        "owner": "windwp",
        "repo": "nvim-ts-autotag",
        "type": "github"
      }
    },
    "nvim-ts-context-commentstring": {
      "flake": false,
      "locked": {
        "lastModified": 1625591020,
        "narHash": "sha256-c30qT+iWrjDHHfwlY7dVr1yX3FWxmJzj8646YAYyGTs=",
        "owner": "JoosepAlviste",
        "repo": "nvim-ts-context-commentstring",
        "rev": "a38c22022fe0ae8e8aae1ba9294a33b903eef409",
        "type": "github"
      },
      "original": {
        "owner": "JoosepAlviste",
        "repo": "nvim-ts-context-commentstring",
        "type": "github"
      }
    },
    "nvim-ts-rainbow": {
      "flake": false,
      "locked": {
        "lastModified": 1627794650,
        "narHash": "sha256-sMR0H2bhZXwmcPIXfsjNJ2b5ugH6AEOvIRltH4YMQ8E=",
        "owner": "p00f",
        "repo": "nvim-ts-rainbow",
        "rev": "94138b1ba193d81f130dbe9fc1f255f97b7697d5",
        "type": "github"
      },
      "original": {
        "owner": "p00f",
        "repo": "nvim-ts-rainbow",
        "type": "github"
      }
    },
    "nvim-web-devicons": {
      "flake": false,
      "locked": {
        "lastModified": 1628092026,
        "narHash": "sha256-phkXb6100vwXK6Yl+kkwOWam43sXQQn56GneRr2W4mA=",
        "owner": "kyazdani42",
        "repo": "nvim-web-devicons",
        "rev": "64389d5956df699c9c671e00818cc4039edb7dd9",
        "type": "github"
      },
      "original": {
        "owner": "kyazdani42",
        "repo": "nvim-web-devicons",
        "type": "github"
      }
    },
    "octo-nvim": {
      "flake": false,
      "locked": {
        "lastModified": 1627682329,
        "narHash": "sha256-3eaKlaPpH9adnkPz6Pfz87qska7p/0I/r8YorfsPv5U=",
        "owner": "pwntester",
        "repo": "octo.nvim",
        "rev": "07ddeedbdda3aeb3082b4ed02eb11ad8de051774",
        "type": "github"
      },
      "original": {
        "owner": "pwntester",
        "repo": "octo.nvim",
        "type": "github"
      }
    },
    "onedark-nvim": {
      "flake": false,
      "locked": {
        "lastModified": 1626071342,
        "narHash": "sha256-Y5LXDpArPY3vliJ6/yloHBqNBhY0YppV3MgCfpKn47s=",
        "owner": "joshdick",
        "repo": "onedark.vim",
        "rev": "ee4b22cbae8a3a434fad832bd89a6981c7c061af",
        "type": "github"
      },
      "original": {
        "owner": "joshdick",
        "repo": "onedark.vim",
        "type": "github"
      }
    },
    "packer-nvim": {
      "flake": false,
      "locked": {
        "lastModified": 1627852995,
        "narHash": "sha256-HMTcBk8VfMapPYuX3UQdXM0LyiAUsT7BTw5gi1KVnKU=",
        "owner": "wbthomason",
        "repo": "packer.nvim",
        "rev": "2794f0767920c884736b746d1c0824cc55874f4b",
        "type": "github"
      },
      "original": {
        "owner": "wbthomason",
        "repo": "packer.nvim",
        "type": "github"
      }
    },
    "plenary-nvim": {
      "flake": false,
      "locked": {
        "lastModified": 1627994983,
        "narHash": "sha256-q6KpsGjzxnCl/Dd39/6U+Ym2h4V/Tz94rApPpYhf+GU=",
        "owner": "nvim-lua",
        "repo": "plenary.nvim",
        "rev": "d897b4d9fdbc51febd71a1f96c96001ae4fa6121",
        "type": "github"
      },
      "original": {
        "owner": "nvim-lua",
        "repo": "plenary.nvim",
        "type": "github"
      }
    },
    "popup-nvim": {
      "flake": false,
      "locked": {
        "lastModified": 1620472364,
        "narHash": "sha256-D/ZMou2fa0yUVyQDfGm26urotqEgS4qahH9KJ4r52cw=",
        "owner": "nvim-lua",
        "repo": "popup.nvim",
        "rev": "5e3bece7b4b4905f4ec89bee74c09cfd8172a16a",
        "type": "github"
      },
      "original": {
        "owner": "nvim-lua",
        "repo": "popup.nvim",
        "type": "github"
      }
    },
    "presence-nvim": {
      "flake": false,
      "locked": {
        "lastModified": 1627451479,
        "narHash": "sha256-OJwY1x/Pd2fNsBwTTeIVlXkzgGMziupJ/lLY/V0zsSE=",
        "owner": "andweeb",
        "repo": "presence.nvim",
        "rev": "f2a0dd50c67a62cea144775a120c1246a645f5ed",
        "type": "github"
      },
      "original": {
        "owner": "andweeb",
        "repo": "presence.nvim",
        "type": "github"
      }
    },
    "rnix-lsp": {
      "inputs": {
        "naersk": "naersk",
        "nixpkgs": "nixpkgs_3",
        "utils": "utils"
      },
      "locked": {
        "lastModified": 1626644818,
        "narHash": "sha256-w0hpyFXxltmOpbBKNQ2tfKRWELQzStc/ho1EcNyYaWc=",
        "owner": "nix-community",
        "repo": "rnix-lsp",
        "rev": "1fdd7cf9bf56b8ad2dddcfd27354dae8aef2b453",
        "type": "github"
      },
      "original": {
        "owner": "nix-community",
        "repo": "rnix-lsp",
        "type": "github"
      }
    },
    "root": {
      "inputs": {
        "devshell": "devshell",
        "flake-utils": "flake-utils",
        "neovim": "neovim",
        "nixpkgs": "nixpkgs",
        "nixpkgs-jdtls": "nixpkgs-jdtls",
        "nur": "nur",
        "rnix-lsp": "rnix-lsp",
        "vim-plugins-overlay": "vim-plugins-overlay"
      }
    },
    "scrollbar-nvim": {
      "flake": false,
      "locked": {
        "lastModified": 1622784548,
        "narHash": "sha256-HGr7vb5ILEcH8q1gVnocG7xqlpQ3fk26gXCyh2Ruf/M=",
        "owner": "Xuyuanp",
        "repo": "scrollbar.nvim",
        "rev": "c338467dd6ef141fa8ce3172097a1f5be6c43779",
        "type": "github"
      },
      "original": {
        "owner": "Xuyuanp",
        "repo": "scrollbar.nvim",
        "type": "github"
      }
    },
    "snippets-nvim": {
      "flake": false,
      "locked": {
        "lastModified": 1599694947,
        "narHash": "sha256-APFz6zknNpBDLI1nM5B4BZEm40EDvhY5nRB6W9rpurk=",
        "owner": "norcalli",
        "repo": "snippets.nvim",
        "rev": "7b5fd8071d4fb6fa981a899aae56b55897c079fd",
        "type": "github"
      },
      "original": {
        "owner": "norcalli",
        "repo": "snippets.nvim",
        "type": "github"
      }
    },
    "sql-nvim": {
      "flake": false,
      "locked": {
        "lastModified": 1628139626,
        "narHash": "sha256-0pBCJcjwehsz3BmFDT/4ORC3ndcUeBZDvTJeH/qKKe0=",
        "owner": "tami5",
        "repo": "sql.nvim",
        "rev": "527a306000c02f81075045d461349efcfa26c022",
        "type": "github"
      },
      "original": {
        "owner": "tami5",
        "repo": "sql.nvim",
        "type": "github"
      }
    },
    "telescope-bibtex-nvim": {
      "flake": false,
      "locked": {
        "lastModified": 1624961220,
        "narHash": "sha256-Rvn4UwVcbfd5+mQWt7H7/6i3DwlNSY0O7NxWp75Gwww=",
        "owner": "nvim-telescope",
        "repo": "telescope-bibtex.nvim",
        "rev": "5811b5bdbf2e663189ddb4cb252d414bf2f587af",
        "type": "github"
      },
      "original": {
        "owner": "nvim-telescope",
        "repo": "telescope-bibtex.nvim",
        "type": "github"
      }
    },
    "telescope-cheat-nvim": {
      "flake": false,
      "locked": {
        "lastModified": 1614013445,
        "narHash": "sha256-v9bKibji5ICs2Qp6u6eBbas6HYVdldOafEo9JCC5lzc=",
        "owner": "nvim-telescope",
        "repo": "telescope-cheat.nvim",
        "rev": "7322a732f7e950415c06d29c550309b54f314aa0",
        "type": "github"
      },
      "original": {
        "owner": "nvim-telescope",
        "repo": "telescope-cheat.nvim",
        "type": "github"
      }
    },
    "telescope-dap-nvim": {
      "flake": false,
      "locked": {
        "lastModified": 1616786019,
        "narHash": "sha256-aGiBknPDjYL4Vlp0DKbJpsKiEaA5dzgg87FQvgThl7k=",
        "owner": "nvim-telescope",
        "repo": "telescope-dap.nvim",
        "rev": "b4134fff5cbaf3b876e6011212ed60646e56f060",
        "type": "github"
      },
      "original": {
        "owner": "nvim-telescope",
        "repo": "telescope-dap.nvim",
        "type": "github"
      }
    },
    "telescope-emoji-nvim": {
      "flake": false,
      "locked": {
        "lastModified": 1625979324,
        "narHash": "sha256-NlnNitRrolfVRDHt33tGNMnz4h4Cp3LAHzAA+ZJI6FQ=",
        "owner": "xiyaowong",
        "repo": "telescope-emoji.nvim",
        "rev": "645bf59d8c3f9b6ace27b29bcd8741dffbab6e3b",
        "type": "github"
      },
      "original": {
        "owner": "xiyaowong",
        "repo": "telescope-emoji.nvim",
        "type": "github"
      }
    },
    "telescope-frecency-nvim": {
      "flake": false,
      "locked": {
        "lastModified": 1628160016,
        "narHash": "sha256-ZzkbrZvUVWD9NXzoZqprs4Z+nfrdsgbAxPvhr4TYi1g=",
        "owner": "nvim-telescope",
        "repo": "telescope-frecency.nvim",
        "rev": "459041fb42d81c65444b147d25b1e28b0c8ac8f9",
        "type": "github"
      },
      "original": {
        "owner": "nvim-telescope",
        "repo": "telescope-frecency.nvim",
        "type": "github"
      }
    },
    "telescope-fzf-writer-nvim": {
      "flake": false,
      "locked": {
        "lastModified": 1618585879,
        "narHash": "sha256-pyir3SyJmUsYhjY7nRj67mbd0M+Z7t+TqSzE8zqOs7A=",
        "owner": "nvim-telescope",
        "repo": "telescope-fzf-writer.nvim",
        "rev": "00a1ab1b0aeaa4ad9da238861325ea1ee6d90a44",
        "type": "github"
      },
      "original": {
        "owner": "nvim-telescope",
        "repo": "telescope-fzf-writer.nvim",
        "type": "github"
      }
    },
    "telescope-fzy-native-nvim": {
      "flake": false,
      "locked": {
        "lastModified": 1617877633,
        "narHash": "sha256-ntSc/Z2KGwAPwBSgQ2m+Q9HgpGUwGbd+4fA/dtzOXY4=",
        "owner": "nvim-telescope",
        "repo": "telescope-fzy-native.nvim",
        "rev": "7b3d2528102f858036627a68821ccf5fc1d78ce4",
        "type": "github"
      },
      "original": {
        "owner": "nvim-telescope",
        "repo": "telescope-fzy-native.nvim",
        "type": "github"
      }
    },
    "telescope-ghq-nvim": {
      "flake": false,
      "locked": {
        "lastModified": 1626668353,
        "narHash": "sha256-YzGKyKkxSfqR2UrJWl5CFhQ+s7M6zRzcNAr6uPADcf4=",
        "owner": "nvim-telescope",
        "repo": "telescope-ghq.nvim",
        "rev": "5a8bbe317f647737d1284d555d03fa70f7952cf1",
        "type": "github"
      },
      "original": {
        "owner": "nvim-telescope",
        "repo": "telescope-ghq.nvim",
        "type": "github"
      }
    },
    "telescope-github-nvim": {
      "flake": false,
      "locked": {
        "lastModified": 1626481073,
        "narHash": "sha256-/jAL1SFSHK0E4SG59Y25nQ7PyYfbIOfFc97xZ2CWPwg=",
        "owner": "nvim-telescope",
        "repo": "telescope-github.nvim",
        "rev": "ee91643f123de7fe835c40e9cb8b3ad2a07893fa",
        "type": "github"
      },
      "original": {
        "owner": "nvim-telescope",
        "repo": "telescope-github.nvim",
        "type": "github"
      }
    },
    "telescope-media-files-nvim": {
      "flake": false,
      "locked": {
        "lastModified": 1626866436,
        "narHash": "sha256-TI1ryd3Wx3jGiPQGnBFhfJCvBW4q6HQXU7lYSDd+tU8=",
        "owner": "nvim-telescope",
        "repo": "telescope-media-files.nvim",
        "rev": "a2451cd7f9d45b3b004d321e8b71b0a75698f17f",
        "type": "github"
      },
      "original": {
        "owner": "nvim-telescope",
        "repo": "telescope-media-files.nvim",
        "type": "github"
      }
    },
    "telescope-menu-nvim": {
      "flake": false,
      "locked": {
        "lastModified": 1612494467,
        "narHash": "sha256-Q8mP9LPdwd3x/62BZFX5zVvZiYkLwlhEbXcrqanX5gY=",
        "owner": "nvim-telescope",
        "repo": "telescope-menu.nvim",
        "rev": "945f907bc77853232ed76fb5ff06af8fdcd8a2ea",
        "type": "github"
      },
      "original": {
        "owner": "nvim-telescope",
        "repo": "telescope-menu.nvim",
        "type": "github"
      }
    },
    "telescope-node-modules-nvim": {
      "flake": false,
      "locked": {
        "lastModified": 1614049843,
        "narHash": "sha256-KNq7UUnY33IGXs1R/c+V0zcxMo++yCNpQ2qXLrIywoI=",
        "owner": "nvim-telescope",
        "repo": "telescope-node-modules.nvim",
        "rev": "bbc7c8e0eb9df0c6d40e52ccff1598f5cb8a59ba",
        "type": "github"
      },
      "original": {
        "owner": "nvim-telescope",
        "repo": "telescope-node-modules.nvim",
        "type": "github"
      }
    },
    "telescope-nvim": {
      "flake": false,
      "locked": {
        "lastModified": 1628109678,
        "narHash": "sha256-lvXmVbIzFnZjc8sYe3iV8VdP/mc62c82cdjQbijTGsM=",
        "owner": "nvim-telescope",
        "repo": "telescope.nvim",
        "rev": "e7362e999683b4a0d18ec51656de93a9a9d98091",
        "type": "github"
      },
      "original": {
        "owner": "nvim-telescope",
        "repo": "telescope.nvim",
        "type": "github"
      }
    },
    "telescope-packer-nvim": {
      "flake": false,
      "locked": {
        "lastModified": 1621256006,
        "narHash": "sha256-GsFWx9UjnoCnoGkXUjz+NOfP8rMYtzjJH+lhd9e/Df8=",
        "owner": "nvim-telescope",
        "repo": "telescope-packer.nvim",
        "rev": "2c9a0ff6f285526af519b3f953473eca14badafa",
        "type": "github"
      },
      "original": {
        "owner": "nvim-telescope",
        "repo": "telescope-packer.nvim",
        "type": "github"
      }
    },
    "telescope-project-nvim": {
      "flake": false,
      "locked": {
        "lastModified": 1627977578,
        "narHash": "sha256-Xq6kLudayw+xa+72+uP1DquAMEfP9iITLArjMBUzqlU=",
        "owner": "nvim-telescope",
        "repo": "telescope-project.nvim",
        "rev": "6f63c15efc4994e54c3240db8ed4089c926083d8",
        "type": "github"
      },
      "original": {
        "owner": "nvim-telescope",
        "repo": "telescope-project.nvim",
        "type": "github"
      }
    },
    "telescope-snippets-nvim": {
      "flake": false,
      "locked": {
        "lastModified": 1614011958,
        "narHash": "sha256-MRP/iqAmNkwLuxjYeghmJPYnIqSD/gDLqtSTGjVCVpw=",
        "owner": "nvim-telescope",
        "repo": "telescope-snippets.nvim",
        "rev": "e5c34379ea667b7f8d5d8fc999b5f4fbc4a997dd",
        "type": "github"
      },
      "original": {
        "owner": "nvim-telescope",
        "repo": "telescope-snippets.nvim",
        "type": "github"
      }
    },
    "telescope-symbols-nvim": {
      "flake": false,
      "locked": {
        "lastModified": 1623776787,
        "narHash": "sha256-fE/HPCi9TzQuMPuonY32cF3C/u0GRlzRtqzaAqcSoFk=",
        "owner": "nvim-telescope",
        "repo": "telescope-symbols.nvim",
        "rev": "e211b6aeed1f94ca660c407f3052f83ab8f4b2a9",
        "type": "github"
      },
      "original": {
        "owner": "nvim-telescope",
        "repo": "telescope-symbols.nvim",
        "type": "github"
      }
    },
    "telescope-vimspector-nvim": {
      "flake": false,
      "locked": {
        "lastModified": 1606172131,
        "narHash": "sha256-nYtVrWwjx1KyrkWFnqEc4gMcnS4YBK7upkkxBCvUUqQ=",
        "owner": "nvim-telescope",
        "repo": "telescope-vimspector.nvim",
        "rev": "f7cc44dcb0749dc8e0ffaf4f7ff283621ed62281",
        "type": "github"
      },
      "original": {
        "owner": "nvim-telescope",
        "repo": "telescope-vimspector.nvim",
        "type": "github"
      }
    },
    "telescope-z-nvim": {
      "flake": false,
      "locked": {
        "lastModified": 1626666508,
        "narHash": "sha256-pg63IrzYLGkh/l02gwH0F/Ay7Xq+Td4exDW1UfbXjCI=",
        "owner": "nvim-telescope",
        "repo": "telescope-z.nvim",
        "rev": "f5776dbd0c687af0862b2e4ee83c62c5f4a7271d",
        "type": "github"
      },
      "original": {
        "owner": "nvim-telescope",
        "repo": "telescope-z.nvim",
        "type": "github"
      }
    },
    "trouble-nvim": {
      "flake": false,
      "locked": {
        "lastModified": 1628159479,
        "narHash": "sha256-4bFFrrbUcNZCnRVyw/tm80QhzG8cAdI38jtizWPsozE=",
        "owner": "folke",
        "repo": "trouble.nvim",
        "rev": "51dd9175eb506b026189c70f81823dfa77defe86",
        "type": "github"
      },
      "original": {
        "owner": "folke",
        "repo": "trouble.nvim",
        "type": "github"
      }
    },
    "utils": {
      "locked": {
        "lastModified": 1605370193,
        "narHash": "sha256-YyMTf3URDL/otKdKgtoMChu4vfVL3vCMkRqpGifhUn0=",
        "owner": "numtide",
        "repo": "flake-utils",
        "rev": "5021eac20303a61fafe17224c087f5519baed54d",
        "type": "github"
      },
      "original": {
        "owner": "numtide",
        "repo": "flake-utils",
        "type": "github"
      }
    },
    "vim-closer": {
      "flake": false,
      "locked": {
        "lastModified": 1578015863,
        "narHash": "sha256-ciTud2dZaoT8D+KTQ6ycVTQNVhSQnkhFii2V4DSXGFQ=",
        "owner": "9mm",
        "repo": "vim-closer",
        "rev": "0cb91a7a61c16247dee1eaa4b0a7c72b985311f1",
        "type": "github"
      },
      "original": {
        "owner": "9mm",
        "repo": "vim-closer",
        "type": "github"
      }
    },
    "vim-dadbod-ui": {
      "flake": false,
      "locked": {
        "lastModified": 1627982045,
        "narHash": "sha256-7fdJ+TqDZqwyPlJs9fIA9n/m2p1FZnQxbVsXwl+9sdQ=",
        "owner": "kristijanhusak",
        "repo": "vim-dadbod-ui",
        "rev": "e79b6cca4bfd7c56542353775d337a08dcbd9486",
        "type": "github"
      },
      "original": {
        "owner": "kristijanhusak",
        "repo": "vim-dadbod-ui",
        "type": "github"
      }
    },
    "vim-devicons": {
      "flake": false,
      "locked": {
        "lastModified": 1627395240,
        "narHash": "sha256-dPJ9daz48oXJchgvkwv4WSvslTe6qtnjCCzcySKWbW8=",
        "owner": "ryanoasis",
        "repo": "vim-devicons",
        "rev": "aa13718e367c44d27a784291a546923eb562fd2a",
        "type": "github"
      },
      "original": {
        "owner": "ryanoasis",
        "repo": "vim-devicons",
        "type": "github"
      }
    },
    "vim-import-cost": {
      "flake": false,
      "locked": {
        "lastModified": 1594311199,
        "narHash": "sha256-b6fRvruxCYyAi6vwPO95LyZdEWCsS2VuqxQOco1o6iU=",
        "owner": "yardnsm",
        "repo": "vim-import-cost",
        "rev": "5bd9f5104ab5960c6e1a7e502c024041aab154d8",
        "type": "github"
      },
      "original": {
        "owner": "yardnsm",
        "repo": "vim-import-cost",
        "type": "github"
      }
    },
    "vim-plugins-overlay": {
      "inputs": {
        "LuaSnip": "LuaSnip",
        "barbar-nvim": "barbar-nvim",
        "blamer-nvim": "blamer-nvim",
        "calvera-dark-nvim": "calvera-dark-nvim",
        "completion-nvim": "completion-nvim",
        "feline-nvim": "feline-nvim",
        "focus-vim": "focus-vim",
        "formatter-nvim": "formatter-nvim",
        "fzf-lsp-nvim": "fzf-lsp-nvim",
        "galaxyline-nvim": "galaxyline-nvim",
        "gitsigns-nvim": "gitsigns-nvim",
        "goyo-vim": "goyo-vim",
        "gruvbox": "gruvbox",
        "indent-blankline-nvim": "indent-blankline-nvim",
        "lsp_signature-nvim": "lsp_signature-nvim",
        "lspkind-nvim": "lspkind-nvim",
        "neogit": "neogit",
        "neon": "neon",
        "neorg": "neorg",
        "nixpkgs": [
          "nixpkgs"
        ],
        "nvcode-color-schemes-vim": "nvcode-color-schemes-vim",
        "nvim-blame-line": "nvim-blame-line",
        "nvim-bufferline-lua": "nvim-bufferline-lua",
        "nvim-colorizer-lua": "nvim-colorizer-lua",
        "nvim-compe": "nvim-compe",
        "nvim-dap": "nvim-dap",
        "nvim-dap-virtual-text": "nvim-dap-virtual-text",
        "nvim-jdtls": "nvim-jdtls",
        "nvim-lspconfig": "nvim-lspconfig",
        "nvim-scrollview": "nvim-scrollview",
        "nvim-tree-lua": "nvim-tree-lua",
        "nvim-treesitter": "nvim-treesitter",
        "nvim-ts-autotag": "nvim-ts-autotag",
        "nvim-ts-context-commentstring": "nvim-ts-context-commentstring",
        "nvim-ts-rainbow": "nvim-ts-rainbow",
        "nvim-web-devicons": "nvim-web-devicons",
        "octo-nvim": "octo-nvim",
        "onedark-nvim": "onedark-nvim",
        "packer-nvim": "packer-nvim",
        "plenary-nvim": "plenary-nvim",
        "popup-nvim": "popup-nvim",
        "presence-nvim": "presence-nvim",
        "scrollbar-nvim": "scrollbar-nvim",
        "snippets-nvim": "snippets-nvim",
        "sql-nvim": "sql-nvim",
        "telescope-bibtex-nvim": "telescope-bibtex-nvim",
        "telescope-cheat-nvim": "telescope-cheat-nvim",
        "telescope-dap-nvim": "telescope-dap-nvim",
        "telescope-emoji-nvim": "telescope-emoji-nvim",
        "telescope-frecency-nvim": "telescope-frecency-nvim",
        "telescope-fzf-writer-nvim": "telescope-fzf-writer-nvim",
        "telescope-fzy-native-nvim": "telescope-fzy-native-nvim",
        "telescope-ghq-nvim": "telescope-ghq-nvim",
        "telescope-github-nvim": "telescope-github-nvim",
        "telescope-media-files-nvim": "telescope-media-files-nvim",
        "telescope-menu-nvim": "telescope-menu-nvim",
        "telescope-node-modules-nvim": "telescope-node-modules-nvim",
        "telescope-nvim": "telescope-nvim",
        "telescope-packer-nvim": "telescope-packer-nvim",
        "telescope-project-nvim": "telescope-project-nvim",
        "telescope-snippets-nvim": "telescope-snippets-nvim",
        "telescope-symbols-nvim": "telescope-symbols-nvim",
        "telescope-vimspector-nvim": "telescope-vimspector-nvim",
        "telescope-z-nvim": "telescope-z-nvim",
        "trouble-nvim": "trouble-nvim",
        "vim-closer": "vim-closer",
        "vim-dadbod-ui": "vim-dadbod-ui",
        "vim-devicons": "vim-devicons",
        "vim-import-cost": "vim-import-cost",
        "vim-prisma": "vim-prisma",
        "vim-repl": "vim-repl",
        "vim-vsnip": "vim-vsnip",
        "vim-vsnip-integ": "vim-vsnip-integ",
        "vim-which-key": "vim-which-key",
        "which-key-nvim": "which-key-nvim"
      },
      "locked": {
        "lastModified": 1628188272,
        "narHash": "sha256-hIeLCGvnTcw16F+5zMrszB/N+VKU4SsuvM/PFUiLIgk=",
        "owner": "vi-tality",
        "repo": "vim-plugins-overlay",
        "rev": "eb766d0e826a6acb6a2289316c07afa36abddc1a",
        "type": "github"
      },
      "original": {
        "owner": "vi-tality",
        "repo": "vim-plugins-overlay",
        "type": "github"
      }
    },
    "vim-prisma": {
      "flake": false,
      "locked": {
        "lastModified": 1586020114,
        "narHash": "sha256-BsV+7Vwx137fpUmTI7j7KW/xui7R2bwdBis8cOwAgl0=",
        "owner": "pantharshit00",
        "repo": "vim-prisma",
        "rev": "e91ac5011232e1bd8ea53204db8d01203d5d0f3c",
        "type": "github"
      },
      "original": {
        "owner": "pantharshit00",
        "repo": "vim-prisma",
        "type": "github"
      }
    },
    "vim-repl": {
      "flake": false,
      "locked": {
        "lastModified": 1624963724,
        "narHash": "sha256-4ne/POA9xzWh6vrMJt6nsxNNtH3VxslsyTT7b7NVh4k=",
        "owner": "sillybun",
        "repo": "vim-repl",
        "rev": "f164c5b9899a767f7a1d456624b1954fe7563b44",
        "type": "github"
      },
      "original": {
        "owner": "sillybun",
        "repo": "vim-repl",
        "type": "github"
      }
    },
    "vim-vsnip": {
      "flake": false,
      "locked": {
        "lastModified": 1625468359,
        "narHash": "sha256-XFhdknuo4OTr60Re0vmwYtTAUkcsuqKnsWLkNVwOGxo=",
        "owner": "hrsh7th",
        "repo": "vim-vsnip",
        "rev": "d9d3c2d2942b8e35aedc5c82552913b19958de77",
        "type": "github"
      },
      "original": {
        "owner": "hrsh7th",
        "repo": "vim-vsnip",
        "type": "github"
      }
    },
    "vim-vsnip-integ": {
      "flake": false,
      "locked": {
        "lastModified": 1609387265,
        "narHash": "sha256-w7dxQQHhOrHr28jjKo11YQdGz6qFDSve/qXeT2mNaFs=",
        "owner": "hrsh7th",
        "repo": "vim-vsnip-integ",
        "rev": "60dfbb0dc73cfc4828e9328251a46ccbd7e9b5fe",
        "type": "github"
      },
      "original": {
        "owner": "hrsh7th",
        "repo": "vim-vsnip-integ",
        "type": "github"
      }
    },
    "vim-which-key": {
      "flake": false,
      "locked": {
        "lastModified": 1620138021,
        "narHash": "sha256-JOx0Oa56ldYMxnV7bN15TcGROGlEZPHkMU7L+TiuxaI=",
        "owner": "liuchengxu",
        "repo": "vim-which-key",
        "rev": "da2934fcd36350b871ed8ccd54c8eae3a0dfc8ae",
        "type": "github"
      },
      "original": {
        "owner": "liuchengxu",
        "repo": "vim-which-key",
        "type": "github"
      }
    },
    "which-key-nvim": {
      "flake": false,
      "locked": {
        "lastModified": 1628160854,
        "narHash": "sha256-eoaBx7PzctB0rwmBW/ba9O9rcbyRCNvBafWXHUToZAI=",
        "owner": "folke",
        "repo": "which-key.nvim",
        "rev": "b582c9d78f0d105041ed29ec3a8ee11d98ddfd50",
        "type": "github"
      },
      "original": {
        "owner": "folke",
        "repo": "which-key.nvim",
        "type": "github"
      }
    }
  },
  "root": "root",
  "version": 7
}
