{
  "nodes": {
    "flake-compat": {
      "flake": false,
      "locked": {
        "lastModified": 1606424373,
        "narHash": "sha256-oq8d4//CJOrVj+EcOaSXvMebvuTkmBJuT5tzlfewUnQ=",
        "owner": "edolstra",
        "repo": "flake-compat",
        "rev": "99f1c2157fba4bfe6211a321fd0ee43199025dbf",
        "type": "github"
      },
      "original": {
        "owner": "edolstra",
        "repo": "flake-compat",
        "type": "github"
      }
    },
    "flake-utils": {
      "locked": {
        "lastModified": 1610051610,
        "narHash": "sha256-U9rPz/usA1/Aohhk7Cmc2gBrEEKRzcW4nwPWMPwja4Y=",
        "owner": "numtide",
        "repo": "flake-utils",
        "rev": "3982c9903e93927c2164caa727cd3f6a0e6d14cc",
        "type": "github"
      },
      "original": {
        "owner": "numtide",
        "repo": "flake-utils",
        "type": "github"
      }
    },
    "flake-utils_2": {
      "locked": {
        "lastModified": 1610051610,
        "narHash": "sha256-U9rPz/usA1/Aohhk7Cmc2gBrEEKRzcW4nwPWMPwja4Y=",
        "owner": "numtide",
        "repo": "flake-utils",
        "rev": "3982c9903e93927c2164caa727cd3f6a0e6d14cc",
        "type": "github"
      },
      "original": {
        "owner": "numtide",
        "repo": "flake-utils",
        "type": "github"
      }
    },
    "formatter-nvim": {
      "flake": false,
      "locked": {
        "lastModified": 1609893540,
        "narHash": "sha256-kLdvb8jsDWHdHZDry+9xUm88wbcre1VDdzX+AQTT1CI=",
        "owner": "mhartington",
        "repo": "formatter.nvim",
        "rev": "85f6da30fa79815142c81f22f45444a0599fd476",
        "type": "github"
      },
      "original": {
        "owner": "mhartington",
        "repo": "formatter.nvim",
        "type": "github"
      }
    },
    "galaxyline-nvim": {
      "flake": false,
      "locked": {
        "lastModified": 1612063670,
        "narHash": "sha256-Epe608BHnOhj6FKRGDxQzawykMbxOSa2Xwq7gzUX/fI=",
        "owner": "glepnir",
        "repo": "galaxyline.nvim",
        "rev": "fd3f069c6fb5eabc5dbad030b3c729bb0c6346ec",
        "type": "github"
      },
      "original": {
        "owner": "glepnir",
        "repo": "galaxyline.nvim",
        "type": "github"
      }
    },
    "gitignore": {
      "flake": false,
      "locked": {
        "lastModified": 1611672876,
        "narHash": "sha256-qHu3uZ/o9jBHiA3MEKHJ06k7w4heOhA+4HCSIvflRxo=",
        "owner": "hercules-ci",
        "repo": "gitignore.nix",
        "rev": "211907489e9f198594c0eb0ca9256a1949c9d412",
        "type": "github"
      },
      "original": {
        "owner": "hercules-ci",
        "repo": "gitignore.nix",
        "type": "github"
      }
    },
    "neovim-nightly": {
      "flake": false,
      "locked": {
        "lastModified": 1612152215,
        "narHash": "sha256-LDQwdodi5XG7EmteeVJU+C2DVw845QUzZFp/pvBLxRQ=",
        "owner": "neovim",
        "repo": "neovim",
        "rev": "cc1851c9fdd6d777338bea2272d2a02c8baa0fb1",
        "type": "github"
      },
      "original": {
        "owner": "neovim",
        "repo": "neovim",
        "type": "github"
      }
    },
    "neovim-nightly-overlay": {
      "inputs": {
        "flake-compat": "flake-compat",
        "flake-utils": "flake-utils_2",
        "gitignore": "gitignore",
        "neovim-nightly": "neovim-nightly",
        "nixpkgs": "nixpkgs",
        "pre-commit-hooks": "pre-commit-hooks"
      },
      "locked": {
        "lastModified": 1612253612,
        "narHash": "sha256-nZ/6/2j4CTLp8GazP+TCPEf4r3HHgHcXR3qwwDzNQhM=",
        "owner": "nix-community",
        "repo": "neovim-nightly-overlay",
        "rev": "f13e995e3664b45c2203a4c526cb218c47267719",
        "type": "github"
      },
      "original": {
        "owner": "nix-community",
        "repo": "neovim-nightly-overlay",
        "type": "github"
      }
    },
    "nixpkgs": {
      "locked": {
        "lastModified": 1612237803,
        "narHash": "sha256-bJzj0w2quVdgTSRMwAETbDCZr1W04fp77Ax4k4ANcJ8=",
        "owner": "nixos",
        "repo": "nixpkgs",
        "rev": "eca54e37ae57f589baa45a9bf9260e3d8042b8e4",
        "type": "github"
      },
      "original": {
        "owner": "nixos",
        "ref": "nixpkgs-unstable",
        "repo": "nixpkgs",
        "type": "github"
      }
    },
    "nixpkgsMaster": {
      "locked": {
        "lastModified": 1612251246,
        "narHash": "sha256-7HflnSVUHMdvmFT3WjpXYRkZ9WiOHDOMrPJnNozEqkc=",
        "owner": "nixos",
        "repo": "nixpkgs",
        "rev": "f31d62b49e13d4d43ae9d5370fc923d7a5efc30b",
        "type": "github"
      },
      "original": {
        "owner": "nixos",
        "ref": "master",
        "repo": "nixpkgs",
        "type": "github"
      }
    },
    "nixpkgs_2": {
      "locked": {
        "lastModified": 1612237803,
        "narHash": "sha256-bJzj0w2quVdgTSRMwAETbDCZr1W04fp77Ax4k4ANcJ8=",
        "owner": "nixos",
        "repo": "nixpkgs",
        "rev": "eca54e37ae57f589baa45a9bf9260e3d8042b8e4",
        "type": "github"
      },
      "original": {
        "owner": "nixos",
        "ref": "nixpkgs-unstable",
        "repo": "nixpkgs",
        "type": "github"
      }
    },
    "nur": {
      "locked": {
        "lastModified": 1612250588,
        "narHash": "sha256-sFKNl8Pvur5/6n4VG2cTacO3WxtTVMqlQsgVh7AE6TM=",
        "owner": "nix-community",
        "repo": "NUR",
        "rev": "f1cf8aba0e8bea69766a6f89a6b62e4a2e88d7a9",
        "type": "github"
      },
      "original": {
        "owner": "nix-community",
        "repo": "NUR",
        "type": "github"
      }
    },
    "pre-commit-hooks": {
      "flake": false,
      "locked": {
        "lastModified": 1609781048,
        "narHash": "sha256-RTu4NDdAgwv83aFFJDnUkQFl/7giDSeEtQ/N17xxiXY=",
        "owner": "cachix",
        "repo": "pre-commit-hooks.nix",
        "rev": "c7e3896e35ceea480a7484ec1709be7bdda8849d",
        "type": "github"
      },
      "original": {
        "owner": "cachix",
        "repo": "pre-commit-hooks.nix",
        "type": "github"
      }
    },
    "root": {
      "inputs": {
        "flake-utils": "flake-utils",
        "formatter-nvim": "formatter-nvim",
        "galaxyline-nvim": "galaxyline-nvim",
        "neovim-nightly-overlay": "neovim-nightly-overlay",
        "nixpkgs": "nixpkgs_2",
        "nixpkgsMaster": "nixpkgsMaster",
        "nur": "nur",
        "scrollbar-nvim": "scrollbar-nvim",
        "vim-dadbod-ui": "vim-dadbod-ui",
        "vim-prisma": "vim-prisma"
      }
    },
    "scrollbar-nvim": {
      "flake": false,
      "locked": {
        "lastModified": 1601304587,
        "narHash": "sha256-Pmn1RHCYf3Ty0mL+5PshIXsF5heLb2TB2YT9VS85c4I=",
        "owner": "Xuyuanp",
        "repo": "scrollbar.nvim",
        "rev": "72a4174a47a89b7f89401fc66de0df95580fa48c",
        "type": "github"
      },
      "original": {
        "owner": "Xuyuanp",
        "repo": "scrollbar.nvim",
        "type": "github"
      }
    },
    "vim-dadbod-ui": {
      "flake": false,
      "locked": {
        "lastModified": 1612102255,
        "narHash": "sha256-uL+bNeMpctHMOu1pG4reoGeQHEbEXtTHlykXtYEyiCs=",
        "owner": "kristijanhusak",
        "repo": "vim-dadbod-ui",
        "rev": "1fda5774df28edf4038c62f29289b73d51dea3ca",
        "type": "github"
      },
      "original": {
        "owner": "kristijanhusak",
        "repo": "vim-dadbod-ui",
        "type": "github"
      }
    },
    "vim-prisma": {
      "flake": false,
      "locked": {
        "lastModified": 1586020114,
        "narHash": "sha256-BsV+7Vwx137fpUmTI7j7KW/xui7R2bwdBis8cOwAgl0=",
        "owner": "pantharshit00",
        "repo": "vim-prisma",
        "rev": "e91ac5011232e1bd8ea53204db8d01203d5d0f3c",
        "type": "github"
      },
      "original": {
        "owner": "pantharshit00",
        "repo": "vim-prisma",
        "type": "github"
      }
    }
  },
  "root": "root",
  "version": 7
}
